// !$*UTF8*$!
{
	archiveVersion = 1;
	classes = {
	};
	objectVersion = 51;
	objects = {

/* Begin PBXBuildFile section */
		35FA2EB652B760D5325657F5 /* Pods_mapTest.framework in Frameworks */ = {isa = PBXBuildFile; fileRef = 6461048324CAAAEAA3B66488 /* Pods_mapTest.framework */; };
		73BC92C504A5312D9F0B0BBE /* Pods_mapTest_mapTestUITests.framework in Frameworks */ = {isa = PBXBuildFile; fileRef = A70C437BACAD757B9DB42CA0 /* Pods_mapTest_mapTestUITests.framework */; };
		B0563C09262F3022005E6BE7 /* style.json in Resources */ = {isa = PBXBuildFile; fileRef = B0563C01262F3021005E6BE7 /* style.json */; };
		B0563C0A262F3022005E6BE7 /* usersTableViewCell.swift in Sources */ = {isa = PBXBuildFile; fileRef = B0563C02262F3021005E6BE7 /* usersTableViewCell.swift */; };
		B0563C0B262F3022005E6BE7 /* newView.xib in Resources */ = {isa = PBXBuildFile; fileRef = B0563C03262F3021005E6BE7 /* newView.xib */; };
		B0563C0C262F3022005E6BE7 /* mView.xib in Resources */ = {isa = PBXBuildFile; fileRef = B0563C04262F3021005E6BE7 /* mView.xib */; };
		B0563C0D262F3022005E6BE7 /* mView.swift in Sources */ = {isa = PBXBuildFile; fileRef = B0563C05262F3021005E6BE7 /* mView.swift */; };
		B0563C0E262F3022005E6BE7 /* TaksTwoViewController.swift in Sources */ = {isa = PBXBuildFile; fileRef = B0563C06262F3022005E6BE7 /* TaksTwoViewController.swift */; };
		B0563C0F262F3022005E6BE7 /* TaskOneViewController.swift in Sources */ = {isa = PBXBuildFile; fileRef = B0563C07262F3022005E6BE7 /* TaskOneViewController.swift */; };
		B0563C10262F3022005E6BE7 /* User.swift in Sources */ = {isa = PBXBuildFile; fileRef = B0563C08262F3022005E6BE7 /* User.swift */; };
		B0CDADD2262F2EB500244643 /* AppDelegate.swift in Sources */ = {isa = PBXBuildFile; fileRef = B0CDADD1262F2EB500244643 /* AppDelegate.swift */; };
		B0CDADD4262F2EB500244643 /* SceneDelegate.swift in Sources */ = {isa = PBXBuildFile; fileRef = B0CDADD3262F2EB500244643 /* SceneDelegate.swift */; };
		B0CDADD6262F2EB500244643 /* ViewController.swift in Sources */ = {isa = PBXBuildFile; fileRef = B0CDADD5262F2EB500244643 /* ViewController.swift */; };
		B0CDADD9262F2EB500244643 /* Main.storyboard in Resources */ = {isa = PBXBuildFile; fileRef = B0CDADD7262F2EB500244643 /* Main.storyboard */; };
		B0CDADDB262F2EB700244643 /* Assets.xcassets in Resources */ = {isa = PBXBuildFile; fileRef = B0CDADDA262F2EB700244643 /* Assets.xcassets */; };
		B0CDADDE262F2EB700244643 /* LaunchScreen.storyboard in Resources */ = {isa = PBXBuildFile; fileRef = B0CDADDC262F2EB700244643 /* LaunchScreen.storyboard */; };
		B0CDADE9262F2EB800244643 /* mapTestTests.swift in Sources */ = {isa = PBXBuildFile; fileRef = B0CDADE8262F2EB800244643 /* mapTestTests.swift */; };
		B0CDADF4262F2EB800244643 /* mapTestUITests.swift in Sources */ = {isa = PBXBuildFile; fileRef = B0CDADF3262F2EB800244643 /* mapTestUITests.swift */; };
		DE49720C793CF82A367DA5FE /* Pods_mapTestTests.framework in Frameworks */ = {isa = PBXBuildFile; fileRef = AF79AD20B6DF7DBAA90336AC /* Pods_mapTestTests.framework */; };
/* End PBXBuildFile section */

/* Begin PBXContainerItemProxy section */
		B0CDADE5262F2EB800244643 /* PBXContainerItemProxy */ = {
			isa = PBXContainerItemProxy;
			containerPortal = B0CDADC6262F2EB500244643 /* Project object */;
			proxyType = 1;
			remoteGlobalIDString = B0CDADCD262F2EB500244643;
			remoteInfo = mapTest;
		};
		B0CDADF0262F2EB800244643 /* PBXContainerItemProxy */ = {
			isa = PBXContainerItemProxy;
			containerPortal = B0CDADC6262F2EB500244643 /* Project object */;
			proxyType = 1;
			remoteGlobalIDString = B0CDADCD262F2EB500244643;
			remoteInfo = mapTest;
		};
/* End PBXContainerItemProxy section */

/* Begin PBXFileReference section */
		17A4EDB79348CF201E5DB76E /* Pods-mapTest.debug.xcconfig */ = {isa = PBXFileReference; includeInIndex = 1; lastKnownFileType = text.xcconfig; name = "Pods-mapTest.debug.xcconfig"; path = "Target Support Files/Pods-mapTest/Pods-mapTest.debug.xcconfig"; sourceTree = "<group>"; };
		1F8E448DD8E97B450E2171EA /* Pods-mapTestTests.debug.xcconfig */ = {isa = PBXFileReference; includeInIndex = 1; lastKnownFileType = text.xcconfig; name = "Pods-mapTestTests.debug.xcconfig"; path = "Target Support Files/Pods-mapTestTests/Pods-mapTestTests.debug.xcconfig"; sourceTree = "<group>"; };
		470A0B56CE1FEE9E4698205E /* Pods-mapTest-mapTestUITests.debug.xcconfig */ = {isa = PBXFileReference; includeInIndex = 1; lastKnownFileType = text.xcconfig; name = "Pods-mapTest-mapTestUITests.debug.xcconfig"; path = "Target Support Files/Pods-mapTest-mapTestUITests/Pods-mapTest-mapTestUITests.debug.xcconfig"; sourceTree = "<group>"; };
		6461048324CAAAEAA3B66488 /* Pods_mapTest.framework */ = {isa = PBXFileReference; explicitFileType = wrapper.framework; includeInIndex = 0; path = Pods_mapTest.framework; sourceTree = BUILT_PRODUCTS_DIR; };
		8D60412116A7DCF11ED92139 /* Pods-mapTest-mapTestUITests.release.xcconfig */ = {isa = PBXFileReference; includeInIndex = 1; lastKnownFileType = text.xcconfig; name = "Pods-mapTest-mapTestUITests.release.xcconfig"; path = "Target Support Files/Pods-mapTest-mapTestUITests/Pods-mapTest-mapTestUITests.release.xcconfig"; sourceTree = "<group>"; };
		9545836ABCD5D93D84D7112B /* Pods-mapTest.release.xcconfig */ = {isa = PBXFileReference; includeInIndex = 1; lastKnownFileType = text.xcconfig; name = "Pods-mapTest.release.xcconfig"; path = "Target Support Files/Pods-mapTest/Pods-mapTest.release.xcconfig"; sourceTree = "<group>"; };
		A70C437BACAD757B9DB42CA0 /* Pods_mapTest_mapTestUITests.framework */ = {isa = PBXFileReference; explicitFileType = wrapper.framework; includeInIndex = 0; path = Pods_mapTest_mapTestUITests.framework; sourceTree = BUILT_PRODUCTS_DIR; };
		AF79AD20B6DF7DBAA90336AC /* Pods_mapTestTests.framework */ = {isa = PBXFileReference; explicitFileType = wrapper.framework; includeInIndex = 0; path = Pods_mapTestTests.framework; sourceTree = BUILT_PRODUCTS_DIR; };
		B0563C01262F3021005E6BE7 /* style.json */ = {isa = PBXFileReference; fileEncoding = 4; lastKnownFileType = text.json; path = style.json; sourceTree = "<group>"; };
		B0563C02262F3021005E6BE7 /* usersTableViewCell.swift */ = {isa = PBXFileReference; fileEncoding = 4; lastKnownFileType = sourcecode.swift; path = usersTableViewCell.swift; sourceTree = "<group>"; };
		B0563C03262F3021005E6BE7 /* newView.xib */ = {isa = PBXFileReference; fileEncoding = 4; lastKnownFileType = file.xib; path = newView.xib; sourceTree = "<group>"; };
		B0563C04262F3021005E6BE7 /* mView.xib */ = {isa = PBXFileReference; fileEncoding = 4; lastKnownFileType = file.xib; path = mView.xib; sourceTree = "<group>"; };
		B0563C05262F3021005E6BE7 /* mView.swift */ = {isa = PBXFileReference; fileEncoding = 4; lastKnownFileType = sourcecode.swift; path = mView.swift; sourceTree = "<group>"; };
		B0563C06262F3022005E6BE7 /* TaksTwoViewController.swift */ = {isa = PBXFileReference; fileEncoding = 4; lastKnownFileType = sourcecode.swift; path = TaksTwoViewController.swift; sourceTree = "<group>"; };
		B0563C07262F3022005E6BE7 /* TaskOneViewController.swift */ = {isa = PBXFileReference; fileEncoding = 4; lastKnownFileType = sourcecode.swift; path = TaskOneViewController.swift; sourceTree = "<group>"; };
		B0563C08262F3022005E6BE7 /* User.swift */ = {isa = PBXFileReference; fileEncoding = 4; lastKnownFileType = sourcecode.swift; path = User.swift; sourceTree = "<group>"; };
		B0CDADCE262F2EB500244643 /* mapTest.app */ = {isa = PBXFileReference; explicitFileType = wrapper.application; includeInIndex = 0; path = mapTest.app; sourceTree = BUILT_PRODUCTS_DIR; };
		B0CDADD1262F2EB500244643 /* AppDelegate.swift */ = {isa = PBXFileReference; lastKnownFileType = sourcecode.swift; path = AppDelegate.swift; sourceTree = "<group>"; };
		B0CDADD3262F2EB500244643 /* SceneDelegate.swift */ = {isa = PBXFileReference; lastKnownFileType = sourcecode.swift; path = SceneDelegate.swift; sourceTree = "<group>"; };
		B0CDADD5262F2EB500244643 /* ViewController.swift */ = {isa = PBXFileReference; lastKnownFileType = sourcecode.swift; path = ViewController.swift; sourceTree = "<group>"; };
		B0CDADD8262F2EB500244643 /* Base */ = {isa = PBXFileReference; lastKnownFileType = file.storyboard; name = Base; path = Base.lproj/Main.storyboard; sourceTree = "<group>"; };
		B0CDADDA262F2EB700244643 /* Assets.xcassets */ = {isa = PBXFileReference; lastKnownFileType = folder.assetcatalog; path = Assets.xcassets; sourceTree = "<group>"; };
		B0CDADDD262F2EB700244643 /* Base */ = {isa = PBXFileReference; lastKnownFileType = file.storyboard; name = Base; path = Base.lproj/LaunchScreen.storyboard; sourceTree = "<group>"; };
		B0CDADDF262F2EB700244643 /* Info.plist */ = {isa = PBXFileReference; lastKnownFileType = text.plist.xml; path = Info.plist; sourceTree = "<group>"; };
		B0CDADE4262F2EB800244643 /* mapTestTests.xctest */ = {isa = PBXFileReference; explicitFileType = wrapper.cfbundle; includeInIndex = 0; path = mapTestTests.xctest; sourceTree = BUILT_PRODUCTS_DIR; };
		B0CDADE8262F2EB800244643 /* mapTestTests.swift */ = {isa = PBXFileReference; lastKnownFileType = sourcecode.swift; path = mapTestTests.swift; sourceTree = "<group>"; };
		B0CDADEA262F2EB800244643 /* Info.plist */ = {isa = PBXFileReference; lastKnownFileType = text.plist.xml; path = Info.plist; sourceTree = "<group>"; };
		B0CDADEF262F2EB800244643 /* mapTestUITests.xctest */ = {isa = PBXFileReference; explicitFileType = wrapper.cfbundle; includeInIndex = 0; path = mapTestUITests.xctest; sourceTree = BUILT_PRODUCTS_DIR; };
		B0CDADF3262F2EB800244643 /* mapTestUITests.swift */ = {isa = PBXFileReference; lastKnownFileType = sourcecode.swift; path = mapTestUITests.swift; sourceTree = "<group>"; };
		B0CDADF5262F2EB800244643 /* Info.plist */ = {isa = PBXFileReference; lastKnownFileType = text.plist.xml; path = Info.plist; sourceTree = "<group>"; };
		F7565814314DA435C4B76EDF /* Pods-mapTestTests.release.xcconfig */ = {isa = PBXFileReference; includeInIndex = 1; lastKnownFileType = text.xcconfig; name = "Pods-mapTestTests.release.xcconfig"; path = "Target Support Files/Pods-mapTestTests/Pods-mapTestTests.release.xcconfig"; sourceTree = "<group>"; };
/* End PBXFileReference section */

/* Begin PBXFrameworksBuildPhase section */
		B0CDADCB262F2EB500244643 /* Frameworks */ = {
			isa = PBXFrameworksBuildPhase;
			buildActionMask = 2147483647;
			files = (
				35FA2EB652B760D5325657F5 /* Pods_mapTest.framework in Frameworks */,
			);
			runOnlyForDeploymentPostprocessing = 0;
		};
		B0CDADE1262F2EB800244643 /* Frameworks */ = {
			isa = PBXFrameworksBuildPhase;
			buildActionMask = 2147483647;
			files = (
				DE49720C793CF82A367DA5FE /* Pods_mapTestTests.framework in Frameworks */,
			);
			runOnlyForDeploymentPostprocessing = 0;
		};
		B0CDADEC262F2EB800244643 /* Frameworks */ = {
			isa = PBXFrameworksBuildPhase;
			buildActionMask = 2147483647;
			files = (
				73BC92C504A5312D9F0B0BBE /* Pods_mapTest_mapTestUITests.framework in Frameworks */,
			);
			runOnlyForDeploymentPostprocessing = 0;
		};
/* End PBXFrameworksBuildPhase section */

/* Begin PBXGroup section */
		29DFB7225F80A401F1396585 /* Pods */ = {
			isa = PBXGroup;
			children = (
				17A4EDB79348CF201E5DB76E /* Pods-mapTest.debug.xcconfig */,
				9545836ABCD5D93D84D7112B /* Pods-mapTest.release.xcconfig */,
				470A0B56CE1FEE9E4698205E /* Pods-mapTest-mapTestUITests.debug.xcconfig */,
				8D60412116A7DCF11ED92139 /* Pods-mapTest-mapTestUITests.release.xcconfig */,
				1F8E448DD8E97B450E2171EA /* Pods-mapTestTests.debug.xcconfig */,
				F7565814314DA435C4B76EDF /* Pods-mapTestTests.release.xcconfig */,
			);
			path = Pods;
			sourceTree = "<group>";
		};
		97ACD0DA98EA71EA52E7BF34 /* Frameworks */ = {
			isa = PBXGroup;
			children = (
				6461048324CAAAEAA3B66488 /* Pods_mapTest.framework */,
				A70C437BACAD757B9DB42CA0 /* Pods_mapTest_mapTestUITests.framework */,
				AF79AD20B6DF7DBAA90336AC /* Pods_mapTestTests.framework */,
			);
			name = Frameworks;
			sourceTree = "<group>";
		};
		B0CDADC5262F2EB500244643 = {
			isa = PBXGroup;
			children = (
				B0CDADD0262F2EB500244643 /* mapTest */,
				B0CDADE7262F2EB800244643 /* mapTestTests */,
				B0CDADF2262F2EB800244643 /* mapTestUITests */,
				B0CDADCF262F2EB500244643 /* Products */,
				29DFB7225F80A401F1396585 /* Pods */,
				97ACD0DA98EA71EA52E7BF34 /* Frameworks */,
			);
			sourceTree = "<group>";
		};
		B0CDADCF262F2EB500244643 /* Products */ = {
			isa = PBXGroup;
			children = (
				B0CDADCE262F2EB500244643 /* mapTest.app */,
				B0CDADE4262F2EB800244643 /* mapTestTests.xctest */,
				B0CDADEF262F2EB800244643 /* mapTestUITests.xctest */,
			);
			name = Products;
			sourceTree = "<group>";
		};
		B0CDADD0262F2EB500244643 /* mapTest */ = {
			isa = PBXGroup;
			children = (
				B0563C05262F3021005E6BE7 /* mView.swift */,
				B0563C04262F3021005E6BE7 /* mView.xib */,
				B0563C03262F3021005E6BE7 /* newView.xib */,
				B0563C01262F3021005E6BE7 /* style.json */,
				B0563C06262F3022005E6BE7 /* TaksTwoViewController.swift */,
				B0563C07262F3022005E6BE7 /* TaskOneViewController.swift */,
				B0563C08262F3022005E6BE7 /* User.swift */,
				B0563C02262F3021005E6BE7 /* usersTableViewCell.swift */,
				B0CDADD1262F2EB500244643 /* AppDelegate.swift */,
				B0CDADD3262F2EB500244643 /* SceneDelegate.swift */,
				B0CDADD5262F2EB500244643 /* ViewController.swift */,
				B0CDADD7262F2EB500244643 /* Main.storyboard */,
				B0CDADDA262F2EB700244643 /* Assets.xcassets */,
				B0CDADDC262F2EB700244643 /* LaunchScreen.storyboard */,
				B0CDADDF262F2EB700244643 /* Info.plist */,
			);
			path = mapTest;
			sourceTree = "<group>";
		};
		B0CDADE7262F2EB800244643 /* mapTestTests */ = {
			isa = PBXGroup;
			children = (
				B0CDADE8262F2EB800244643 /* mapTestTests.swift */,
				B0CDADEA262F2EB800244643 /* Info.plist */,
			);
			path = mapTestTests;
			sourceTree = "<group>";
		};
		B0CDADF2262F2EB800244643 /* mapTestUITests */ = {
			isa = PBXGroup;
			children = (
				B0CDADF3262F2EB800244643 /* mapTestUITests.swift */,
				B0CDADF5262F2EB800244643 /* Info.plist */,
			);
			path = mapTestUITests;
			sourceTree = "<group>";
		};
/* End PBXGroup section */

/* Begin PBXNativeTarget section */
		B0CDADCD262F2EB500244643 /* mapTest */ = {
			isa = PBXNativeTarget;
			buildConfigurationList = B0CDADF8262F2EB800244643 /* Build configuration list for PBXNativeTarget "mapTest" */;
			buildPhases = (
				3BE52DBA3001F3575F48EFE2 /* [CP] Check Pods Manifest.lock */,
				B0CDADCA262F2EB500244643 /* Sources */,
				B0CDADCB262F2EB500244643 /* Frameworks */,
				B0CDADCC262F2EB500244643 /* Resources */,
				26C24B05422332927EF07295 /* [CP] Copy Pods Resources */,
			);
			buildRules = (
			);
			dependencies = (
			);
			name = mapTest;
			productName = mapTest;
			productReference = B0CDADCE262F2EB500244643 /* mapTest.app */;
			productType = "com.apple.product-type.application";
		};
		B0CDADE3262F2EB800244643 /* mapTestTests */ = {
			isa = PBXNativeTarget;
			buildConfigurationList = B0CDADFB262F2EB800244643 /* Build configuration list for PBXNativeTarget "mapTestTests" */;
			buildPhases = (
				B66DC5FBAAEEC7D370E150B1 /* [CP] Check Pods Manifest.lock */,
				B0CDADE0262F2EB800244643 /* Sources */,
				B0CDADE1262F2EB800244643 /* Frameworks */,
				B0CDADE2262F2EB800244643 /* Resources */,
			);
			buildRules = (
			);
			dependencies = (
				B0CDADE6262F2EB800244643 /* PBXTargetDependency */,
			);
			name = mapTestTests;
			productName = mapTestTests;
			productReference = B0CDADE4262F2EB800244643 /* mapTestTests.xctest */;
			productType = "com.apple.product-type.bundle.unit-test";
		};
		B0CDADEE262F2EB800244643 /* mapTestUITests */ = {
			isa = PBXNativeTarget;
			buildConfigurationList = B0CDADFE262F2EB800244643 /* Build configuration list for PBXNativeTarget "mapTestUITests" */;
			buildPhases = (
				941D76E023D247683250819E /* [CP] Check Pods Manifest.lock */,
				B0CDADEB262F2EB800244643 /* Sources */,
				B0CDADEC262F2EB800244643 /* Frameworks */,
				B0CDADED262F2EB800244643 /* Resources */,
				99D2F7881C372B4455705BFA /* [CP] Copy Pods Resources */,
			);
			buildRules = (
			);
			dependencies = (
				B0CDADF1262F2EB800244643 /* PBXTargetDependency */,
			);
			name = mapTestUITests;
			productName = mapTestUITests;
			productReference = B0CDADEF262F2EB800244643 /* mapTestUITests.xctest */;
			productType = "com.apple.product-type.bundle.ui-testing";
		};
/* End PBXNativeTarget section */

/* Begin PBXProject section */
		B0CDADC6262F2EB500244643 /* Project object */ = {
			isa = PBXProject;
			attributes = {
				LastSwiftUpdateCheck = 1240;
				LastUpgradeCheck = 1240;
				TargetAttributes = {
					B0CDADCD262F2EB500244643 = {
						CreatedOnToolsVersion = 12.4;
					};
					B0CDADE3262F2EB800244643 = {
						CreatedOnToolsVersion = 12.4;
						TestTargetID = B0CDADCD262F2EB500244643;
					};
					B0CDADEE262F2EB800244643 = {
						CreatedOnToolsVersion = 12.4;
						TestTargetID = B0CDADCD262F2EB500244643;
					};
				};
			};
			buildConfigurationList = B0CDADC9262F2EB500244643 /* Build configuration list for PBXProject "mapTest" */;
			compatibilityVersion = "Xcode 9.3";
			developmentRegion = en;
			hasScannedForEncodings = 0;
			knownRegions = (
				en,
				Base,
			);
			mainGroup = B0CDADC5262F2EB500244643;
			productRefGroup = B0CDADCF262F2EB500244643 /* Products */;
			projectDirPath = "";
			projectRoot = "";
			targets = (
				B0CDADCD262F2EB500244643 /* mapTest */,
				B0CDADE3262F2EB800244643 /* mapTestTests */,
				B0CDADEE262F2EB800244643 /* mapTestUITests */,
			);
		};
/* End PBXProject section */

/* Begin PBXResourcesBuildPhase section */
		B0CDADCC262F2EB500244643 /* Resources */ = {
			isa = PBXResourcesBuildPhase;
			buildActionMask = 2147483647;
			files = (
				B0563C0C262F3022005E6BE7 /* mView.xib in Resources */,
				B0CDADDE262F2EB700244643 /* LaunchScreen.storyboard in Resources */,
				B0563C0B262F3022005E6BE7 /* newView.xib in Resources */,
				B0CDADDB262F2EB700244643 /* Assets.xcassets in Resources */,
				B0CDADD9262F2EB500244643 /* Main.storyboard in Resources */,
				B0563C09262F3022005E6BE7 /* style.json in Resources */,
			);
			runOnlyForDeploymentPostprocessing = 0;
		};
		B0CDADE2262F2EB800244643 /* Resources */ = {
			isa = PBXResourcesBuildPhase;
			buildActionMask = 2147483647;
			files = (
			);
			runOnlyForDeploymentPostprocessing = 0;
		};
		B0CDADED262F2EB800244643 /* Resources */ = {
			isa = PBXResourcesBuildPhase;
			buildActionMask = 2147483647;
			files = (
			);
			runOnlyForDeploymentPostprocessing = 0;
		};
/* End PBXResourcesBuildPhase section */

/* Begin PBXShellScriptBuildPhase section */
		26C24B05422332927EF07295 /* [CP] Copy Pods Resources */ = {
			isa = PBXShellScriptBuildPhase;
			buildActionMask = 2147483647;
			files = (
			);
			inputFileListPaths = (
				"${PODS_ROOT}/Target Support Files/Pods-mapTest/Pods-mapTest-resources-${CONFIGURATION}-input-files.xcfilelist",
			);
			name = "[CP] Copy Pods Resources";
			outputFileListPaths = (
				"${PODS_ROOT}/Target Support Files/Pods-mapTest/Pods-mapTest-resources-${CONFIGURATION}-output-files.xcfilelist",
			);
			runOnlyForDeploymentPostprocessing = 0;
			shellPath = /bin/sh;
			shellScript = "\"${PODS_ROOT}/Target Support Files/Pods-mapTest/Pods-mapTest-resources.sh\"\n";
			showEnvVarsInLog = 0;
		};
		3BE52DBA3001F3575F48EFE2 /* [CP] Check Pods Manifest.lock */ = {
			isa = PBXShellScriptBuildPhase;
			buildActionMask = 2147483647;
			files = (
			);
			inputFileListPaths = (
			);
			inputPaths = (
				"${PODS_PODFILE_DIR_PATH}/Podfile.lock",
				"${PODS_ROOT}/Manifest.lock",
			);
			name = "[CP] Check Pods Manifest.lock";
			outputFileListPaths = (
			);
			outputPaths = (
				"$(DERIVED_FILE_DIR)/Pods-mapTest-checkManifestLockResult.txt",
			);
			runOnlyForDeploymentPostprocessing = 0;
			shellPath = /bin/sh;
			shellScript = "diff \"${PODS_PODFILE_DIR_PATH}/Podfile.lock\" \"${PODS_ROOT}/Manifest.lock\" > /dev/null\nif [ $? != 0 ] ; then\n    # print error to STDERR\n    echo \"error: The sandbox is not in sync with the Podfile.lock. Run 'pod install' or update your CocoaPods installation.\" >&2\n    exit 1\nfi\n# This output is used by Xcode 'outputs' to avoid re-running this script phase.\necho \"SUCCESS\" > \"${SCRIPT_OUTPUT_FILE_0}\"\n";
			showEnvVarsInLog = 0;
		};
		941D76E023D247683250819E /* [CP] Check Pods Manifest.lock */ = {
			isa = PBXShellScriptBuildPhase;
			buildActionMask = 2147483647;
			files = (
			);
			inputFileListPaths = (
			);
			inputPaths = (
				"${PODS_PODFILE_DIR_PATH}/Podfile.lock",
				"${PODS_ROOT}/Manifest.lock",
			);
			name = "[CP] Check Pods Manifest.lock";
			outputFileListPaths = (
			);
			outputPaths = (
				"$(DERIVED_FILE_DIR)/Pods-mapTest-mapTestUITests-checkManifestLockResult.txt",
			);
			runOnlyForDeploymentPostprocessing = 0;
			shellPath = /bin/sh;
			shellScript = "diff \"${PODS_PODFILE_DIR_PATH}/Podfile.lock\" \"${PODS_ROOT}/Manifest.lock\" > /dev/null\nif [ $? != 0 ] ; then\n    # print error to STDERR\n    echo \"error: The sandbox is not in sync with the Podfile.lock. Run 'pod install' or update your CocoaPods installation.\" >&2\n    exit 1\nfi\n# This output is used by Xcode 'outputs' to avoid re-running this script phase.\necho \"SUCCESS\" > \"${SCRIPT_OUTPUT_FILE_0}\"\n";
			showEnvVarsInLog = 0;
		};
		99D2F7881C372B4455705BFA /* [CP] Copy Pods Resources */ = {
			isa = PBXShellScriptBuildPhase;
			buildActionMask = 2147483647;
			files = (
			);
			inputFileListPaths = (
				"${PODS_ROOT}/Target Support Files/Pods-mapTest-mapTestUITests/Pods-mapTest-mapTestUITests-resources-${CONFIGURATION}-input-files.xcfilelist",
			);
			name = "[CP] Copy Pods Resources";
			outputFileListPaths = (
				"${PODS_ROOT}/Target Support Files/Pods-mapTest-mapTestUITests/Pods-mapTest-mapTestUITests-resources-${CONFIGURATION}-output-files.xcfilelist",
			);
			runOnlyForDeploymentPostprocessing = 0;
			shellPath = /bin/sh;
			shellScript = "\"${PODS_ROOT}/Target Support Files/Pods-mapTest-mapTestUITests/Pods-mapTest-mapTestUITests-resources.sh\"\n";
			showEnvVarsInLog = 0;
		};
		B66DC5FBAAEEC7D370E150B1 /* [CP] Check Pods Manifest.lock */ = {
			isa = PBXShellScriptBuildPhase;
			buildActionMask = 2147483647;
			files = (
			);
			inputFileListPaths = (
			);
			inputPaths = (
				"${PODS_PODFILE_DIR_PATH}/Podfile.lock",
				"${PODS_ROOT}/Manifest.lock",
			);
			name = "[CP] Check Pods Manifest.lock";
			outputFileListPaths = (
			);
			outputPaths = (
				"$(DERIVED_FILE_DIR)/Pods-mapTestTests-checkManifestLockResult.txt",
			);
			runOnlyForDeploymentPostprocessing = 0;
			shellPath = /bin/sh;
			shellScript = "diff \"${PODS_PODFILE_DIR_PATH}/Podfile.lock\" \"${PODS_ROOT}/Manifest.lock\" > /dev/null\nif [ $? != 0 ] ; then\n    # print error to STDERR\n    echo \"error: The sandbox is not in sync with the Podfile.lock. Run 'pod install' or update your CocoaPods installation.\" >&2\n    exit 1\nfi\n# This output is used by Xcode 'outputs' to avoid re-running this script phase.\necho \"SUCCESS\" > \"${SCRIPT_OUTPUT_FILE_0}\"\n";
			showEnvVarsInLog = 0;
		};
/* End PBXShellScriptBuildPhase section */

/* Begin PBXSourcesBuildPhase section */
		B0CDADCA262F2EB500244643 /* Sources */ = {
			isa = PBXSourcesBuildPhase;
			buildActionMask = 2147483647;
			files = (
				B0563C0E262F3022005E6BE7 /* TaksTwoViewController.swift in Sources */,
				B0563C0A262F3022005E6BE7 /* usersTableViewCell.swift in Sources */,
				B0CDADD6262F2EB500244643 /* ViewController.swift in Sources */,
				B0CDADD2262F2EB500244643 /* AppDelegate.swift in Sources */,
				B0563C10262F3022005E6BE7 /* User.swift in Sources */,
				B0563C0F262F3022005E6BE7 /* TaskOneViewController.swift in Sources */,
				B0563C0D262F3022005E6BE7 /* mView.swift in Sources */,
				B0CDADD4262F2EB500244643 /* SceneDelegate.swift in Sources */,
			);
			runOnlyForDeploymentPostprocessing = 0;
		};
		B0CDADE0262F2EB800244643 /* Sources */ = {
			isa = PBXSourcesBuildPhase;
			buildActionMask = 2147483647;
			files = (
				B0CDADE9262F2EB800244643 /* mapTestTests.swift in Sources */,
			);
			runOnlyForDeploymentPostprocessing = 0;
		};
		B0CDADEB262F2EB800244643 /* Sources */ = {
			isa = PBXSourcesBuildPhase;
			buildActionMask = 2147483647;
			files = (
				B0CDADF4262F2EB800244643 /* mapTestUITests.swift in Sources */,
			);
			runOnlyForDeploymentPostprocessing = 0;
		};
/* End PBXSourcesBuildPhase section */

/* Begin PBXTargetDependency section */
		B0CDADE6262F2EB800244643 /* PBXTargetDependency */ = {
			isa = PBXTargetDependency;
			target = B0CDADCD262F2EB500244643 /* mapTest */;
			targetProxy = B0CDADE5262F2EB800244643 /* PBXContainerItemProxy */;
		};
		B0CDADF1262F2EB800244643 /* PBXTargetDependency */ = {
			isa = PBXTargetDependency;
			target = B0CDADCD262F2EB500244643 /* mapTest */;
			targetProxy = B0CDADF0262F2EB800244643 /* PBXContainerItemProxy */;
		};
/* End PBXTargetDependency section */

/* Begin PBXVariantGroup section */
		B0CDADD7262F2EB500244643 /* Main.storyboard */ = {
			isa = PBXVariantGroup;
			children = (
				B0CDADD8262F2EB500244643 /* Base */,
			);
			name = Main.storyboard;
			sourceTree = "<group>";
		};
		B0CDADDC262F2EB700244643 /* LaunchScreen.storyboard */ = {
			isa = PBXVariantGroup;
			children = (
				B0CDADDD262F2EB700244643 /* Base */,
			);
			name = LaunchScreen.storyboard;
			sourceTree = "<group>";
		};
/* End PBXVariantGroup section */

/* Begin XCBuildConfiguration section */
		B0CDADF6262F2EB800244643 /* Debug */ = {
			isa = XCBuildConfiguration;
			buildSettings = {
				ALWAYS_SEARCH_USER_PATHS = NO;
				CLANG_ANALYZER_NONNULL = YES;
				CLANG_ANALYZER_NUMBER_OBJECT_CONVERSION = YES_AGGRESSIVE;
				CLANG_CXX_LANGUAGE_STANDARD = "gnu++14";
				CLANG_CXX_LIBRARY = "libc++";
				CLANG_ENABLE_MODULES = YES;
				CLANG_ENABLE_OBJC_ARC = YES;
				CLANG_ENABLE_OBJC_WEAK = YES;
				CLANG_WARN_BLOCK_CAPTURE_AUTORELEASING = YES;
				CLANG_WARN_BOOL_CONVERSION = YES;
				CLANG_WARN_COMMA = YES;
				CLANG_WARN_CONSTANT_CONVERSION = YES;
				CLANG_WARN_DEPRECATED_OBJC_IMPLEMENTATIONS = YES;
				CLANG_WARN_DIRECT_OBJC_ISA_USAGE = YES_ERROR;
				CLANG_WARN_DOCUMENTATION_COMMENTS = YES;
				CLANG_WARN_EMPTY_BODY = YES;
				CLANG_WARN_ENUM_CONVERSION = YES;
				CLANG_WARN_INFINITE_RECURSION = YES;
				CLANG_WARN_INT_CONVERSION = YES;
				CLANG_WARN_NON_LITERAL_NULL_CONVERSION = YES;
				CLANG_WARN_OBJC_IMPLICIT_RETAIN_SELF = YES;
				CLANG_WARN_OBJC_LITERAL_CONVERSION = YES;
				CLANG_WARN_OBJC_ROOT_CLASS = YES_ERROR;
				CLANG_WARN_QUOTED_INCLUDE_IN_FRAMEWORK_HEADER = YES;
				CLANG_WARN_RANGE_LOOP_ANALYSIS = YES;
				CLANG_WARN_STRICT_PROTOTYPES = YES;
				CLANG_WARN_SUSPICIOUS_MOVE = YES;
				CLANG_WARN_UNGUARDED_AVAILABILITY = YES_AGGRESSIVE;
				CLANG_WARN_UNREACHABLE_CODE = YES;
				CLANG_WARN__DUPLICATE_METHOD_MATCH = YES;
				COPY_PHASE_STRIP = NO;
				DEBUG_INFORMATION_FORMAT = dwarf;
				ENABLE_STRICT_OBJC_MSGSEND = YES;
				ENABLE_TESTABILITY = YES;
				GCC_C_LANGUAGE_STANDARD = gnu11;
				GCC_DYNAMIC_NO_PIC = NO;
				GCC_NO_COMMON_BLOCKS = YES;
				GCC_OPTIMIZATION_LEVEL = 0;
				GCC_PREPROCESSOR_DEFINITIONS = (
					"DEBUG=1",
					"$(inherited)",
				);
				GCC_WARN_64_TO_32_BIT_CONVERSION = YES;
				GCC_WARN_ABOUT_RETURN_TYPE = YES_ERROR;
				GCC_WARN_UNDECLARED_SELECTOR = YES;
				GCC_WARN_UNINITIALIZED_AUTOS = YES_AGGRESSIVE;
				GCC_WARN_UNUSED_FUNCTION = YES;
				GCC_WARN_UNUSED_VARIABLE = YES;
				IPHONEOS_DEPLOYMENT_TARGET = 14.4;
				MTL_ENABLE_DEBUG_INFO = INCLUDE_SOURCE;
				MTL_FAST_MATH = YES;
				ONLY_ACTIVE_ARCH = YES;
				SDKROOT = iphoneos;
				SWIFT_ACTIVE_COMPILATION_CONDITIONS = DEBUG;
				SWIFT_OPTIMIZATION_LEVEL = "-Onone";
			};
			name = Debug;
		};
		B0CDADF7262F2EB800244643 /* Release */ = {
			isa = XCBuildConfiguration;
			buildSettings = {
				ALWAYS_SEARCH_USER_PATHS = NO;
				CLANG_ANALYZER_NONNULL = YES;
				CLANG_ANALYZER_NUMBER_OBJECT_CONVERSION = YES_AGGRESSIVE;
				CLANG_CXX_LANGUAGE_STANDARD = "gnu++14";
				CLANG_CXX_LIBRARY = "libc++";
				CLANG_ENABLE_MODULES = YES;
				CLANG_ENABLE_OBJC_ARC = YES;
				CLANG_ENABLE_OBJC_WEAK = YES;
				CLANG_WARN_BLOCK_CAPTURE_AUTORELEASING = YES;
				CLANG_WARN_BOOL_CONVERSION = YES;
				CLANG_WARN_COMMA = YES;
				CLANG_WARN_CONSTANT_CONVERSION = YES;
				CLANG_WARN_DEPRECATED_OBJC_IMPLEMENTATIONS = YES;
				CLANG_WARN_DIRECT_OBJC_ISA_USAGE = YES_ERROR;
				CLANG_WARN_DOCUMENTATION_COMMENTS = YES;
				CLANG_WARN_EMPTY_BODY = YES;
				CLANG_WARN_ENUM_CONVERSION = YES;
				CLANG_WARN_INFINITE_RECURSION = YES;
				CLANG_WARN_INT_CONVERSION = YES;
				CLANG_WARN_NON_LITERAL_NULL_CONVERSION = YES;
				CLANG_WARN_OBJC_IMPLICIT_RETAIN_SELF = YES;
				CLANG_WARN_OBJC_LITERAL_CONVERSION = YES;
				CLANG_WARN_OBJC_ROOT_CLASS = YES_ERROR;
				CLANG_WARN_QUOTED_INCLUDE_IN_FRAMEWORK_HEADER = YES;
				CLANG_WARN_RANGE_LOOP_ANALYSIS = YES;
				CLANG_WARN_STRICT_PROTOTYPES = YES;
				CLANG_WARN_SUSPICIOUS_MOVE = YES;
				CLANG_WARN_UNGUARDED_AVAILABILITY = YES_AGGRESSIVE;
				CLANG_WARN_UNREACHABLE_CODE = YES;
				CLANG_WARN__DUPLICATE_METHOD_MATCH = YES;
				COPY_PHASE_STRIP = NO;
				DEBUG_INFORMATION_FORMAT = "dwarf-with-dsym";
				ENABLE_NS_ASSERTIONS = NO;
				ENABLE_STRICT_OBJC_MSGSEND = YES;
				GCC_C_LANGUAGE_STANDARD = gnu11;
				GCC_NO_COMMON_BLOCKS = YES;
				GCC_WARN_64_TO_32_BIT_CONVERSION = YES;
				GCC_WARN_ABOUT_RETURN_TYPE = YES_ERROR;
				GCC_WARN_UNDECLARED_SELECTOR = YES;
				GCC_WARN_UNINITIALIZED_AUTOS = YES_AGGRESSIVE;
				GCC_WARN_UNUSED_FUNCTION = YES;
				GCC_WARN_UNUSED_VARIABLE = YES;
				IPHONEOS_DEPLOYMENT_TARGET = 14.4;
				MTL_ENABLE_DEBUG_INFO = NO;
				MTL_FAST_MATH = YES;
				SDKROOT = iphoneos;
				SWIFT_COMPILATION_MODE = wholemodule;
				SWIFT_OPTIMIZATION_LEVEL = "-O";
				VALIDATE_PRODUCT = YES;
			};
			name = Release;
		};
		B0CDADF9262F2EB800244643 /* Debug */ = {
			isa = XCBuildConfiguration;
			baseConfigurationReference = 17A4EDB79348CF201E5DB76E /* Pods-mapTest.debug.xcconfig */;
			buildSettings = {
				ASSETCATALOG_COMPILER_APPICON_NAME = AppIcon;
				ASSETCATALOG_COMPILER_GLOBAL_ACCENT_COLOR_NAME = AccentColor;
				CODE_SIGN_STYLE = Automatic;
				DEVELOPMENT_TEAM = MY9CQY9RF4;
				INFOPLIST_FILE = mapTest/Info.plist;
				LD_RUNPATH_SEARCH_PATHS = (
					"$(inherited)",
					"@executable_path/Frameworks",
				);
				PRODUCT_BUNDLE_IDENTIFIER = gerardovaldes.mapTest;
				PRODUCT_NAME = "$(TARGET_NAME)";
				SWIFT_VERSION = 5.0;
				TARGETED_DEVICE_FAMILY = "1,2";
			};
			name = Debug;
		};
		B0CDADFA262F2EB800244643 /* Release */ = {
			isa = XCBuildConfiguration;
			baseConfigurationReference = 9545836ABCD5D93D84D7112B /* Pods-mapTest.release.xcconfig */;
			buildSettings = {
				ASSETCATALOG_COMPILER_APPICON_NAME = AppIcon;
				ASSETCATALOG_COMPILER_GLOBAL_ACCENT_COLOR_NAME = AccentColor;
				CODE_SIGN_STYLE = Automatic;
				DEVELOPMENT_TEAM = MY9CQY9RF4;
				INFOPLIST_FILE = mapTest/Info.plist;
				LD_RUNPATH_SEARCH_PATHS = (
					"$(inherited)",
					"@executable_path/Frameworks",
				);
				PRODUCT_BUNDLE_IDENTIFIER = gerardovaldes.mapTest;
				PRODUCT_NAME = "$(TARGET_NAME)";
				SWIFT_VERSION = 5.0;
				TARGETED_DEVICE_FAMILY = "1,2";
			};
			name = Release;
		};
		B0CDADFC262F2EB800244643 /* Debug */ = {
			isa = XCBuildConfiguration;
			baseConfigurationReference = 1F8E448DD8E97B450E2171EA /* Pods-mapTestTests.debug.xcconfig */;
			buildSettings = {
				ALWAYS_EMBED_SWIFT_STANDARD_LIBRARIES = YES;
				BUNDLE_LOADER = "$(TEST_HOST)";
				CODE_SIGN_STYLE = Automatic;
				DEVELOPMENT_TEAM = MY9CQY9RF4;
				INFOPLIST_FILE = mapTestTests/Info.plist;
				IPHONEOS_DEPLOYMENT_TARGET = 14.4;
				LD_RUNPATH_SEARCH_PATHS = (
					"$(inherited)",
					"@executable_path/Frameworks",
					"@loader_path/Frameworks",
				);
				PRODUCT_BUNDLE_IDENTIFIER = gerardovaldes.mapTestTests;
				PRODUCT_NAME = "$(TARGET_NAME)";
				SWIFT_VERSION = 5.0;
				TARGETED_DEVICE_FAMILY = "1,2";
				TEST_HOST = "$(BUILT_PRODUCTS_DIR)/mapTest.app/mapTest";
			};
			name = Debug;
		};
		B0CDADFD262F2EB800244643 /* Release */ = {
			isa = XCBuildConfiguration;
			baseConfigurationReference = F7565814314DA435C4B76EDF /* Pods-mapTestTests.release.xcconfig */;
			buildSettings = {
				ALWAYS_EMBED_SWIFT_STANDARD_LIBRARIES = YES;
				BUNDLE_LOADER = "$(TEST_HOST)";
				CODE_SIGN_STYLE = Automatic;
				DEVELOPMENT_TEAM = MY9CQY9RF4;
				INFOPLIST_FILE = mapTestTests/Info.plist;
				IPHONEOS_DEPLOYMENT_TARGET = 14.4;
				LD_RUNPATH_SEARCH_PATHS = (
					"$(inherited)",
					"@executable_path/Frameworks",
					"@loader_path/Frameworks",
				);
				PRODUCT_BUNDLE_IDENTIFIER = gerardovaldes.mapTestTests;
				PRODUCT_NAME = "$(TARGET_NAME)";
				SWIFT_VERSION = 5.0;
				TARGETED_DEVICE_FAMILY = "1,2";
				TEST_HOST = "$(BUILT_PRODUCTS_DIR)/mapTest.app/mapTest";
			};
			name = Release;
		};
		B0CDADFF262F2EB800244643 /* Debug */ = {
			isa = XCBuildConfiguration;
			baseConfigurationReference = 470A0B56CE1FEE9E4698205E /* Pods-mapTest-mapTestUITests.debug.xcconfig */;
			buildSettings = {
				ALWAYS_EMBED_SWIFT_STANDARD_LIBRARIES = YES;
				CODE_SIGN_STYLE = Automatic;
				DEVELOPMENT_TEAM = MY9CQY9RF4;
				INFOPLIST_FILE = mapTestUITests/Info.plist;
				LD_RUNPATH_SEARCH_PATHS = (
					"$(inherited)",
					"@executable_path/Frameworks",
					"@loader_path/Frameworks",
				);
				PRODUCT_BUNDLE_IDENTIFIER = gerardovaldes.mapTestUITests;
				PRODUCT_NAME = "$(TARGET_NAME)";
				SWIFT_VERSION = 5.0;
				TARGETED_DEVICE_FAMILY = "1,2";
				TEST_TARGET_NAME = mapTest;
			};
			name = Debug;
		};
		B0CDAE00262F2EB800244643 /* Release */ = {
			isa = XCBuildConfiguration;
			baseConfigurationReference = 8D60412116A7DCF11ED92139 /* Pods-mapTest-mapTestUITests.release.xcconfig */;
			buildSettings = {
				ALWAYS_EMBED_SWIFT_STANDARD_LIBRARIES = YES;
				CODE_SIGN_STYLE = Automatic;
				DEVELOPMENT_TEAM = MY9CQY9RF4;
				INFOPLIST_FILE = mapTestUITests/Info.plist;
				LD_RUNPATH_SEARCH_PATHS = (
					"$(inherited)",
					"@executable_path/Frameworks",
					"@loader_path/Frameworks",
				);
				PRODUCT_BUNDLE_IDENTIFIER = gerardovaldes.mapTestUITests;
				PRODUCT_NAME = "$(TARGET_NAME)";
				SWIFT_VERSION = 5.0;
				TARGETED_DEVICE_FAMILY = "1,2";
				TEST_TARGET_NAME = mapTest;
			};
			name = Release;
		};
/* End XCBuildConfiguration section */

/* Begin XCConfigurationList section */
		B0CDADC9262F2EB500244643 /* Build configuration list for PBXProject "mapTest" */ = {
			isa = XCConfigurationList;
			buildConfigurations = (
				B0CDADF6262F2EB800244643 /* Debug */,
				B0CDADF7262F2EB800244643 /* Release */,
			);
			defaultConfigurationIsVisible = 0;
			defaultConfigurationName = Release;
		};
		B0CDADF8262F2EB800244643 /* Build configuration list for PBXNativeTarget "mapTest" */ = {
			isa = XCConfigurationList;
			buildConfigurations = (
				B0CDADF9262F2EB800244643 /* Debug */,
				B0CDADFA262F2EB800244643 /* Release */,
			);
			defaultConfigurationIsVisible = 0;
			defaultConfigurationName = Release;
		};
		B0CDADFB262F2EB800244643 /* Build configuration list for PBXNativeTarget "mapTestTests" */ = {
			isa = XCConfigurationList;
			buildConfigurations = (
				B0CDADFC262F2EB800244643 /* Debug */,
				B0CDADFD262F2EB800244643 /* Release */,
			);
			defaultConfigurationIsVisible = 0;
			defaultConfigurationName = Release;
		};
		B0CDADFE262F2EB800244643 /* Build configuration list for PBXNativeTarget "mapTestUITests" */ = {
			isa = XCConfigurationList;
			buildConfigurations = (
				B0CDADFF262F2EB800244643 /* Debug */,
				B0CDAE00262F2EB800244643 /* Release */,
			);
			defaultConfigurationIsVisible = 0;
			defaultConfigurationName = Release;
		};
/* End XCConfigurationList section */
	};
	rootObject = B0CDADC6262F2EB500244643 /* Project object */;
}
